
Microsoft Visual Studio Solution File, Format Version 12.00
# Visual Studio 2017
Project("{FAE04EC0-301F-11D3-BF4B-00C04F79EFBC}") = "Terrain Painting Runtime", "Terrain Painting Runtime.csproj", "{FB630163-2687-9F95-E419-56F24D7B2FEB}"
EndProject
Global
	GlobalSection(SolutionConfigurationPlatforms) = preSolution
		Debug|Any CPU = Debug|Any CPU
		Release|Any CPU = Release|Any CPU
	EndGlobalSection
	GlobalSection(ProjectConfigurationPlatforms) = postSolution
		{FB630163-2687-9F95-E419-56F24D7B2FEB}.Debug|Any CPU.ActiveCfg = Debug|Any CPU
		{FB630163-2687-9F95-E419-56F24D7B2FEB}.Debug|Any CPU.Build.0 = Debug|Any CPU
		{FB630163-2687-9F95-E419-56F24D7B2FEB}.Release|Any CPU.ActiveCfg = Release|Any CPU
		{FB630163-2687-9F95-E419-56F24D7B2FEB}.Release|Any CPU.Build.0 = Release|Any CPU
	EndGlobalSection
	GlobalSection(SolutionProperties) = preSolution
		HideSolutionNode = FALSE
	EndGlobalSection
EndGlobal
